
Microsoft Visual Studio Solution File, Format Version 12.00
# Visual Studio Version 16
VisualStudioVersion = 16.0.33328.57
MinimumVisualStudioVersion = 10.0.40219.1
Project("{FAE04EC0-301F-11D3-BF4B-00C04F79EFBC}") = "QuickMark", "QuickMark\QuickMark.csproj", "{DD2CBAF7-11BD-4106-9E47-0D65489AEC4A}"
EndProject
Global
	GlobalSection(SolutionConfigurationPlatforms) = preSolution
		Debug|Any CPU = Debug|Any CPU
		Release|Any CPU = Release|Any CPU
	EndGlobalSection
	GlobalSection(ProjectConfigurationPlatforms) = postSolution
		{DD2CBAF7-11BD-4106-9E47-0D65489AEC4A}.Debug|Any CPU.ActiveCfg = Debug|Any CPU
		{DD2CBAF7-11BD-4106-9E47-0D65489AEC4A}.Debug|Any CPU.Build.0 = Debug|Any CPU
		{DD2CBAF7-11BD-4106-9E47-0D65489AEC4A}.Release|Any CPU.ActiveCfg = Release|Any CPU
		{DD2CBAF7-11BD-4106-9E47-0D65489AEC4A}.Release|Any CPU.Build.0 = Release|Any CPU
	EndGlobalSection
	GlobalSection(SolutionProperties) = preSolution
		HideSolutionNode = FALSE
	EndGlobalSection
	GlobalSection(ExtensibilityGlobals) = postSolution
		SolutionGuid = {FD0D9599-30C8-4DF0-9C68-463ADA995E7F}
	EndGlobalSection
EndGlobal
